
Microsoft Visual Studio Solution File, Format Version 12.00
# Visual Studio Version 17
VisualStudioVersion = 17.6.33815.320
MinimumVisualStudioVersion = 10.0.40219.1
Project("{9A19103F-16F7-4668-BE54-9A1E7A4F7556}") = "TollFee.Api", "TollFee.Api\TollFee.Api.csproj", "{83D672D5-489B-4454-9CEF-267871FF60F0}"
EndProject
Project("{FAE04EC0-301F-11D3-BF4B-00C04F79EFBC}") = "TollFee.Application", "TollFee.Application\TollFee.Application.csproj", "{F8F3AAAF-17D8-43DA-8215-6EA8AE6B0517}"
EndProject
Project("{FAE04EC0-301F-11D3-BF4B-00C04F79EFBC}") = "ToolFee.Infrastructure", "ToolFee.Infrastructure\ToolFee.Infrastructure.csproj", "{AD761936-B0F7-407F-9009-F413B3DE143F}"
EndProject
Project("{FAE04EC0-301F-11D3-BF4B-00C04F79EFBC}") = "ToolFee.Domain", "ToolFee.Domain\ToolFee.Domain.csproj", "{5FC78CCE-C976-48E3-93BF-61DE77DE6FDF}"
EndProject
Project("{FAE04EC0-301F-11D3-BF4B-00C04F79EFBC}") = "ToolFee.UnitTests", "ToolFee.UnitTests\ToolFee.UnitTests.csproj", "{4965C369-73DD-4BD8-A443-AA0B28748706}"
EndProject
Global
	GlobalSection(SolutionConfigurationPlatforms) = preSolution
		Debug|Any CPU = Debug|Any CPU
		Release|Any CPU = Release|Any CPU
	EndGlobalSection
	GlobalSection(ProjectConfigurationPlatforms) = postSolution
		{83D672D5-489B-4454-9CEF-267871FF60F0}.Debug|Any CPU.ActiveCfg = Debug|Any CPU
		{83D672D5-489B-4454-9CEF-267871FF60F0}.Debug|Any CPU.Build.0 = Debug|Any CPU
		{83D672D5-489B-4454-9CEF-267871FF60F0}.Release|Any CPU.ActiveCfg = Release|Any CPU
		{83D672D5-489B-4454-9CEF-267871FF60F0}.Release|Any CPU.Build.0 = Release|Any CPU
		{F8F3AAAF-17D8-43DA-8215-6EA8AE6B0517}.Debug|Any CPU.ActiveCfg = Debug|Any CPU
		{F8F3AAAF-17D8-43DA-8215-6EA8AE6B0517}.Debug|Any CPU.Build.0 = Debug|Any CPU
		{F8F3AAAF-17D8-43DA-8215-6EA8AE6B0517}.Release|Any CPU.ActiveCfg = Release|Any CPU
		{F8F3AAAF-17D8-43DA-8215-6EA8AE6B0517}.Release|Any CPU.Build.0 = Release|Any CPU
		{AD761936-B0F7-407F-9009-F413B3DE143F}.Debug|Any CPU.ActiveCfg = Debug|Any CPU
		{AD761936-B0F7-407F-9009-F413B3DE143F}.Debug|Any CPU.Build.0 = Debug|Any CPU
		{AD761936-B0F7-407F-9009-F413B3DE143F}.Release|Any CPU.ActiveCfg = Release|Any CPU
		{AD761936-B0F7-407F-9009-F413B3DE143F}.Release|Any CPU.Build.0 = Release|Any CPU
		{5FC78CCE-C976-48E3-93BF-61DE77DE6FDF}.Debug|Any CPU.ActiveCfg = Debug|Any CPU
		{5FC78CCE-C976-48E3-93BF-61DE77DE6FDF}.Debug|Any CPU.Build.0 = Debug|Any CPU
		{5FC78CCE-C976-48E3-93BF-61DE77DE6FDF}.Release|Any CPU.ActiveCfg = Release|Any CPU
		{5FC78CCE-C976-48E3-93BF-61DE77DE6FDF}.Release|Any CPU.Build.0 = Release|Any CPU
		{4965C369-73DD-4BD8-A443-AA0B28748706}.Debug|Any CPU.ActiveCfg = Debug|Any CPU
		{4965C369-73DD-4BD8-A443-AA0B28748706}.Debug|Any CPU.Build.0 = Debug|Any CPU
		{4965C369-73DD-4BD8-A443-AA0B28748706}.Release|Any CPU.ActiveCfg = Release|Any CPU
		{4965C369-73DD-4BD8-A443-AA0B28748706}.Release|Any CPU.Build.0 = Release|Any CPU
	EndGlobalSection
	GlobalSection(SolutionProperties) = preSolution
		HideSolutionNode = FALSE
	EndGlobalSection
	GlobalSection(ExtensibilityGlobals) = postSolution
		SolutionGuid = {625E9302-D3E6-4A82-BB7B-9CE030BAF81C}
	EndGlobalSection
EndGlobal
